{
  "name": "sb-ads-income",
  "version": "0.1.0",
  "lockfileVersion": 2,
  "requires": true,
  "packages": {
    "": {
      "name": "sb-ads-income",
      "version": "0.1.0"
    },
    "node_modules/@prisma/client": {
      "version": "4.15.0"
    },
    "node_modules/@next-auth/prisma-adapter": {
      "version": "1.0.7"
    },
    "node_modules/next": {
      "version": "13.5.6"
    },
    "node_modules/next-auth": {
      "version": "4.22.1"
    },
    "node_modules/react": {
      "version": "18.2.0"
    },
    "node_modules/react-dom": {
      "version": "18.2.0"
    },
    "node_modules/tailwindcss": {
      "version": "3.4.1"
    },
    "node_modules/autoprefixer": {
      "version": "10.4.14"
    },
    "node_modules/postcss": {
      "version": "8.4.24"
    },
    "node_modules/prisma": {
      "version": "4.15.0"
    },
    "node_modules/ts-node": {
      "version": "10.9.1"
    },
    "node_modules/typescript": {
      "version": "5.2.2"
    }
  },
  "dependencies": {
    "@prisma/client": {
      "version": "4.15.0",
      "requires": {}
    },
    "@next-auth/prisma-adapter": {
      "version": "1.0.7",
      "requires": {}
    },
    "next": {
      "version": "13.5.6",
      "requires": {}
    },
    "next-auth": {
      "version": "4.22.1",
      "requires": {}
    },
    "react": {
      "version": "18.2.0",
      "requires": {}
    },
    "react-dom": {
      "version": "18.2.0",
      "requires": {}
    },
    "tailwindcss": {
      "version": "3.4.1",
      "requires": {}
    },
    "autoprefixer": {
      "version": "10.4.14",
      "dev": true,
      "requires": {}
    },
    "postcss": {
      "version": "8.4.24",
      "dev": true,
      "requires": {}
    },
    "prisma": {
      "version": "4.15.0",
      "dev": true,
      "requires": {}
    },
    "ts-node": {
      "version": "10.9.1",
      "dev": true,
      "requires": {}
    },
    "typescript": {
      "version": "5.2.2",
      "dev": true,
      "requires": {}
    }
  }
}
